
Microsoft Visual Studio Solution File, Format Version 12.00
# Visual Studio Version 17
VisualStudioVersion = 17.3.32901.215
MinimumVisualStudioVersion = 10.0.40219.1
Project("{FAE04EC0-301F-11D3-BF4B-00C04F79EFBC}") = "Examen_EV_2_Diego_Berenguer_Celma", "Examen_EV_2_Diego_Berenguer_Celma.csproj", "{2859484B-0481-4F7E-BEF4-9499A3446B7C}"
EndProject
Global
	GlobalSection(SolutionConfigurationPlatforms) = preSolution
		Debug|Any CPU = Debug|Any CPU
		Release|Any CPU = Release|Any CPU
	EndGlobalSection
	GlobalSection(ProjectConfigurationPlatforms) = postSolution
		{2859484B-0481-4F7E-BEF4-9499A3446B7C}.Debug|Any CPU.ActiveCfg = Debug|Any CPU
		{2859484B-0481-4F7E-BEF4-9499A3446B7C}.Debug|Any CPU.Build.0 = Debug|Any CPU
		{2859484B-0481-4F7E-BEF4-9499A3446B7C}.Release|Any CPU.ActiveCfg = Release|Any CPU
		{2859484B-0481-4F7E-BEF4-9499A3446B7C}.Release|Any CPU.Build.0 = Release|Any CPU
	EndGlobalSection
	GlobalSection(SolutionProperties) = preSolution
		HideSolutionNode = FALSE
	EndGlobalSection
	GlobalSection(ExtensibilityGlobals) = postSolution
		SolutionGuid = {92C0BFA3-37ED-4659-A297-6E9C5218EF9A}
	EndGlobalSection
EndGlobal
